// !$*UTF8*$!
{
	archiveVersion = 1;
	classes = {
	};
	objectVersion = 50;
	objects = {

/* Begin PBXBuildFile section */
		53FBE0F724D49E6B00F9FFBF /* MentorTableViewCell.swift in Sources */ = {isa = PBXBuildFile; fileRef = 53FBE0F524D49E6B00F9FFBF /* MentorTableViewCell.swift */; };
		53FBE0F824D49E6B00F9FFBF /* MentorTableViewCell.xib in Resources */ = {isa = PBXBuildFile; fileRef = 53FBE0F624D49E6B00F9FFBF /* MentorTableViewCell.xib */; };
		BE810C3824D1EB5200BD830B /* Home.storyboard in Resources */ = {isa = PBXBuildFile; fileRef = BE810C3624D1EB5200BD830B /* Home.storyboard */; };
		BE810C3A24D1ECDA00BD830B /* Pesquisa.storyboard in Resources */ = {isa = PBXBuildFile; fileRef = BE810C3924D1ECDA00BD830B /* Pesquisa.storyboard */; };
		BE810C3D24D1ECEC00BD830B /* Perfil.storyboard in Resources */ = {isa = PBXBuildFile; fileRef = BE810C3B24D1ECEC00BD830B /* Perfil.storyboard */; };
		BE810C3F24D1F61B00BD830B /* PerfilViewController.swift in Sources */ = {isa = PBXBuildFile; fileRef = BE810C3E24D1F61B00BD830B /* PerfilViewController.swift */; };
		BE810C6B24D892AF00BD830B /* TableViewCell.swift in Sources */ = {isa = PBXBuildFile; fileRef = BE810C6924D892AF00BD830B /* TableViewCell.swift */; };
		BE810C6C24D892AF00BD830B /* TableViewCell.xib in Resources */ = {isa = PBXBuildFile; fileRef = BE810C6A24D892AF00BD830B /* TableViewCell.xib */; };
		FE8FEB3724D9DC54003AAEF7 /* PesquisaViewController.swift in Sources */ = {isa = PBXBuildFile; fileRef = FE8FEB3624D9DC54003AAEF7 /* PesquisaViewController.swift */; };
		FE8FEB3924D9DD5C003AAEF7 /* Curso.swift in Sources */ = {isa = PBXBuildFile; fileRef = FE8FEB3824D9DD5C003AAEF7 /* Curso.swift */; };
		FE8FEB3B24D9DEB3003AAEF7 /* cursos.json in Resources */ = {isa = PBXBuildFile; fileRef = FE8FEB3A24D9DEB3003AAEF7 /* cursos.json */; };
		FE8FEB4024D9E68D003AAEF7 /* mentores.json in Resources */ = {isa = PBXBuildFile; fileRef = FE8FEB3F24D9E68D003AAEF7 /* mentores.json */; };
		FE8FEB4224D9E6B0003AAEF7 /* Mentor.swift in Sources */ = {isa = PBXBuildFile; fileRef = FE8FEB4124D9E6B0003AAEF7 /* Mentor.swift */; };
		FEF024F724E4BAED00B73EEF /* CursoTableViewCell.swift in Sources */ = {isa = PBXBuildFile; fileRef = FEF024F624E4BAED00B73EEF /* CursoTableViewCell.swift */; };
		FEFE066224CA0314000F1F37 /* AppDelegate.swift in Sources */ = {isa = PBXBuildFile; fileRef = FEFE066124CA0314000F1F37 /* AppDelegate.swift */; };
		FEFE066424CA0314000F1F37 /* SceneDelegate.swift in Sources */ = {isa = PBXBuildFile; fileRef = FEFE066324CA0314000F1F37 /* SceneDelegate.swift */; };
		FEFE066624CA0314000F1F37 /* ViewController.swift in Sources */ = {isa = PBXBuildFile; fileRef = FEFE066524CA0314000F1F37 /* ViewController.swift */; };
		FEFE066924CA0314000F1F37 /* Main.storyboard in Resources */ = {isa = PBXBuildFile; fileRef = FEFE066724CA0314000F1F37 /* Main.storyboard */; };
		FEFE066C24CA0314000F1F37 /* MiDiWei.xcdatamodeld in Sources */ = {isa = PBXBuildFile; fileRef = FEFE066A24CA0314000F1F37 /* MiDiWei.xcdatamodeld */; };
		FEFE066E24CA0315000F1F37 /* Assets.xcassets in Resources */ = {isa = PBXBuildFile; fileRef = FEFE066D24CA0315000F1F37 /* Assets.xcassets */; };
		FEFE067124CA0315000F1F37 /* LaunchScreen.storyboard in Resources */ = {isa = PBXBuildFile; fileRef = FEFE066F24CA0315000F1F37 /* LaunchScreen.storyboard */; };
		FEFE067924CA070F000F1F37 /* .gitignore in Resources */ = {isa = PBXBuildFile; fileRef = FEFE067824CA070F000F1F37 /* .gitignore */; };
/* End PBXBuildFile section */

/* Begin PBXFileReference section */
		53FBE0F524D49E6B00F9FFBF /* MentorTableViewCell.swift */ = {isa = PBXFileReference; lastKnownFileType = sourcecode.swift; path = MentorTableViewCell.swift; sourceTree = "<group>"; };
		53FBE0F624D49E6B00F9FFBF /* MentorTableViewCell.xib */ = {isa = PBXFileReference; lastKnownFileType = file.xib; path = MentorTableViewCell.xib; sourceTree = "<group>"; };
		BE810C3724D1EB5200BD830B /* Base */ = {isa = PBXFileReference; lastKnownFileType = file.storyboard; name = Base; path = MiDiWei/Base.lproj/Home.storyboard; sourceTree = "<group>"; };
		BE810C3924D1ECDA00BD830B /* Pesquisa.storyboard */ = {isa = PBXFileReference; fileEncoding = 4; lastKnownFileType = file.storyboard; path = Pesquisa.storyboard; sourceTree = "<group>"; };
		BE810C3C24D1ECEC00BD830B /* Base */ = {isa = PBXFileReference; lastKnownFileType = file.storyboard; name = Base; path = MiDiWei/Base.lproj/Perfil.storyboard; sourceTree = "<group>"; };
		BE810C3E24D1F61B00BD830B /* PerfilViewController.swift */ = {isa = PBXFileReference; lastKnownFileType = sourcecode.swift; path = PerfilViewController.swift; sourceTree = "<group>"; };
		BE810C6924D892AF00BD830B /* TableViewCell.swift */ = {isa = PBXFileReference; lastKnownFileType = sourcecode.swift; path = TableViewCell.swift; sourceTree = "<group>"; };
		BE810C6A24D892AF00BD830B /* TableViewCell.xib */ = {isa = PBXFileReference; lastKnownFileType = file.xib; path = TableViewCell.xib; sourceTree = "<group>"; };
		FE8FEB3624D9DC54003AAEF7 /* PesquisaViewController.swift */ = {isa = PBXFileReference; lastKnownFileType = sourcecode.swift; path = PesquisaViewController.swift; sourceTree = "<group>"; };
		FE8FEB3824D9DD5C003AAEF7 /* Curso.swift */ = {isa = PBXFileReference; lastKnownFileType = sourcecode.swift; path = Curso.swift; sourceTree = "<group>"; };
		FE8FEB3A24D9DEB3003AAEF7 /* cursos.json */ = {isa = PBXFileReference; lastKnownFileType = text.json; path = cursos.json; sourceTree = "<group>"; };
		FE8FEB3F24D9E68D003AAEF7 /* mentores.json */ = {isa = PBXFileReference; lastKnownFileType = text.json; path = mentores.json; sourceTree = "<group>"; };
		FE8FEB4124D9E6B0003AAEF7 /* Mentor.swift */ = {isa = PBXFileReference; lastKnownFileType = sourcecode.swift; path = Mentor.swift; sourceTree = "<group>"; };
		FEF024F624E4BAED00B73EEF /* CursoTableViewCell.swift */ = {isa = PBXFileReference; lastKnownFileType = sourcecode.swift; path = CursoTableViewCell.swift; sourceTree = "<group>"; };
		FEFE065E24CA0314000F1F37 /* MiDiWei.app */ = {isa = PBXFileReference; explicitFileType = wrapper.application; includeInIndex = 0; path = MiDiWei.app; sourceTree = BUILT_PRODUCTS_DIR; };
		FEFE066124CA0314000F1F37 /* AppDelegate.swift */ = {isa = PBXFileReference; lastKnownFileType = sourcecode.swift; path = AppDelegate.swift; sourceTree = "<group>"; };
		FEFE066324CA0314000F1F37 /* SceneDelegate.swift */ = {isa = PBXFileReference; lastKnownFileType = sourcecode.swift; path = SceneDelegate.swift; sourceTree = "<group>"; };
		FEFE066524CA0314000F1F37 /* ViewController.swift */ = {isa = PBXFileReference; lastKnownFileType = sourcecode.swift; path = ViewController.swift; sourceTree = "<group>"; };
		FEFE066824CA0314000F1F37 /* Base */ = {isa = PBXFileReference; lastKnownFileType = file.storyboard; name = Base; path = Base.lproj/Main.storyboard; sourceTree = "<group>"; };
		FEFE066B24CA0314000F1F37 /* MiDiWei.xcdatamodel */ = {isa = PBXFileReference; lastKnownFileType = wrapper.xcdatamodel; path = MiDiWei.xcdatamodel; sourceTree = "<group>"; };
		FEFE066D24CA0315000F1F37 /* Assets.xcassets */ = {isa = PBXFileReference; lastKnownFileType = folder.assetcatalog; path = Assets.xcassets; sourceTree = "<group>"; };
		FEFE067024CA0315000F1F37 /* Base */ = {isa = PBXFileReference; lastKnownFileType = file.storyboard; name = Base; path = Base.lproj/LaunchScreen.storyboard; sourceTree = "<group>"; };
		FEFE067224CA0315000F1F37 /* Info.plist */ = {isa = PBXFileReference; lastKnownFileType = text.plist.xml; path = Info.plist; sourceTree = "<group>"; };
		FEFE067824CA070F000F1F37 /* .gitignore */ = {isa = PBXFileReference; lastKnownFileType = text; path = .gitignore; sourceTree = "<group>"; };
/* End PBXFileReference section */

/* Begin PBXFrameworksBuildPhase section */
		FEFE065B24CA0314000F1F37 /* Frameworks */ = {
			isa = PBXFrameworksBuildPhase;
			buildActionMask = 2147483647;
			files = (
			);
			runOnlyForDeploymentPostprocessing = 0;
		};
/* End PBXFrameworksBuildPhase section */

/* Begin PBXGroup section */
		FE8FEB3C24D9E5A8003AAEF7 /* Storyboards */ = {
			isa = PBXGroup;
			children = (
				FEFE066724CA0314000F1F37 /* Main.storyboard */,
				BE810C3624D1EB5200BD830B /* Home.storyboard */,
				BE810C3B24D1ECEC00BD830B /* Perfil.storyboard */,
				BE810C6A24D892AF00BD830B /* TableViewCell.xib */,
				BE810C3924D1ECDA00BD830B /* Pesquisa.storyboard */,
			);
			path = Storyboards;
			sourceTree = "<group>";
		};
		FE8FEB3D24D9E5DE003AAEF7 /* Controllers */ = {
			isa = PBXGroup;
			children = (
				FEF024F924E4D84100B73EEF /* ScreenControllers */,
				FEF024F824E4D80F00B73EEF /* TableViewCellControllers */,
			);
			path = Controllers;
			sourceTree = "<group>";
		};
		FE8FEB3E24D9E5FB003AAEF7 /* Model */ = {
			isa = PBXGroup;
			children = (
				FE8FEB3824D9DD5C003AAEF7 /* Curso.swift */,
				FE8FEB4124D9E6B0003AAEF7 /* Mentor.swift */,
			);
			path = Model;
			sourceTree = "<group>";
		};
		FEF024F824E4D80F00B73EEF /* TableViewCellControllers */ = {
			isa = PBXGroup;
			children = (
				BE810C6924D892AF00BD830B /* TableViewCell.swift */,
				53FBE0F524D49E6B00F9FFBF /* MentorTableViewCell.swift */,
				FEF024F624E4BAED00B73EEF /* CursoTableViewCell.swift */,
			);
			path = TableViewCellControllers;
			sourceTree = "<group>";
		};
		FEF024F924E4D84100B73EEF /* ScreenControllers */ = {
			isa = PBXGroup;
			children = (
				FEFE066524CA0314000F1F37 /* ViewController.swift */,
				BE810C3E24D1F61B00BD830B /* PerfilViewController.swift */,
				FE8FEB3624D9DC54003AAEF7 /* PesquisaViewController.swift */,
			);
			path = ScreenControllers;
			sourceTree = "<group>";
		};
		FEFE065524CA0314000F1F37 = {
			isa = PBXGroup;
			children = (
				FEFE067824CA070F000F1F37 /* .gitignore */,
				FEFE066024CA0314000F1F37 /* MiDiWei */,
				FEFE065F24CA0314000F1F37 /* Products */,
			);
			sourceTree = "<group>";
		};
		FEFE065F24CA0314000F1F37 /* Products */ = {
			isa = PBXGroup;
			children = (
				FEFE065E24CA0314000F1F37 /* MiDiWei.app */,
			);
			name = Products;
			sourceTree = "<group>";
		};
		FEFE066024CA0314000F1F37 /* MiDiWei */ = {
			isa = PBXGroup;
			children = (
				FE8FEB3E24D9E5FB003AAEF7 /* Model */,
				FE8FEB3C24D9E5A8003AAEF7 /* Storyboards */,
				FE8FEB3D24D9E5DE003AAEF7 /* Controllers */,
				FEFE066F24CA0315000F1F37 /* LaunchScreen.storyboard */,
				FEFE066124CA0314000F1F37 /* AppDelegate.swift */,
				FEFE066324CA0314000F1F37 /* SceneDelegate.swift */,
				53FBE0F624D49E6B00F9FFBF /* MentorTableViewCell.xib */,
				FE8FEB3A24D9DEB3003AAEF7 /* cursos.json */,
				FE8FEB3F24D9E68D003AAEF7 /* mentores.json */,
				FEFE066A24CA0314000F1F37 /* MiDiWei.xcdatamodeld */,
				FEFE067224CA0315000F1F37 /* Info.plist */,
				FEFE066D24CA0315000F1F37 /* Assets.xcassets */,
			);
			path = MiDiWei;
			sourceTree = "<group>";
		};
/* End PBXGroup section */

/* Begin PBXNativeTarget section */
		FEFE065D24CA0314000F1F37 /* MiDiWei */ = {
			isa = PBXNativeTarget;
			buildConfigurationList = FEFE067524CA0315000F1F37 /* Build configuration list for PBXNativeTarget "MiDiWei" */;
			buildPhases = (
				FEFE065A24CA0314000F1F37 /* Sources */,
				FEFE065B24CA0314000F1F37 /* Frameworks */,
				FEFE065C24CA0314000F1F37 /* Resources */,
			);
			buildRules = (
			);
			dependencies = (
			);
			name = MiDiWei;
			productName = MiDiWei;
			productReference = FEFE065E24CA0314000F1F37 /* MiDiWei.app */;
			productType = "com.apple.product-type.application";
		};
/* End PBXNativeTarget section */

/* Begin PBXProject section */
		FEFE065624CA0314000F1F37 /* Project object */ = {
			isa = PBXProject;
			attributes = {
				LastSwiftUpdateCheck = 1150;
				LastUpgradeCheck = 1150;
				ORGANIZATIONNAME = "Rafael Wei";
				TargetAttributes = {
					FEFE065D24CA0314000F1F37 = {
						CreatedOnToolsVersion = 11.5;
					};
				};
			};
			buildConfigurationList = FEFE065924CA0314000F1F37 /* Build configuration list for PBXProject "MiDiWei" */;
			compatibilityVersion = "Xcode 9.3";
			developmentRegion = en;
			hasScannedForEncodings = 0;
			knownRegions = (
				en,
				Base,
			);
			mainGroup = FEFE065524CA0314000F1F37;
			productRefGroup = FEFE065F24CA0314000F1F37 /* Products */;
			projectDirPath = "";
			projectRoot = "";
			targets = (
				FEFE065D24CA0314000F1F37 /* MiDiWei */,
			);
		};
/* End PBXProject section */

/* Begin PBXResourcesBuildPhase section */
		FEFE065C24CA0314000F1F37 /* Resources */ = {
			isa = PBXResourcesBuildPhase;
			buildActionMask = 2147483647;
			files = (
				53FBE0F824D49E6B00F9FFBF /* MentorTableViewCell.xib in Resources */,
				FEFE067924CA070F000F1F37 /* .gitignore in Resources */,
				BE810C3A24D1ECDA00BD830B /* Pesquisa.storyboard in Resources */,
				FEFE067124CA0315000F1F37 /* LaunchScreen.storyboard in Resources */,
				BE810C6C24D892AF00BD830B /* TableViewCell.xib in Resources */,
				FEFE066E24CA0315000F1F37 /* Assets.xcassets in Resources */,
				BE810C3D24D1ECEC00BD830B /* Perfil.storyboard in Resources */,
				FE8FEB4024D9E68D003AAEF7 /* mentores.json in Resources */,
				FEFE066924CA0314000F1F37 /* Main.storyboard in Resources */,
				FE8FEB3B24D9DEB3003AAEF7 /* cursos.json in Resources */,
				BE810C3824D1EB5200BD830B /* Home.storyboard in Resources */,
			);
			runOnlyForDeploymentPostprocessing = 0;
		};
/* End PBXResourcesBuildPhase section */

/* Begin PBXSourcesBuildPhase section */
		FEFE065A24CA0314000F1F37 /* Sources */ = {
			isa = PBXSourcesBuildPhase;
			buildActionMask = 2147483647;
			files = (
				53FBE0F724D49E6B00F9FFBF /* MentorTableViewCell.swift in Sources */,
				FEF024F724E4BAED00B73EEF /* CursoTableViewCell.swift in Sources */,
				FEFE066C24CA0314000F1F37 /* MiDiWei.xcdatamodeld in Sources */,
				FE8FEB3724D9DC54003AAEF7 /* PesquisaViewController.swift in Sources */,
				FEFE066624CA0314000F1F37 /* ViewController.swift in Sources */,
				FE8FEB4224D9E6B0003AAEF7 /* Mentor.swift in Sources */,
				FEFE066224CA0314000F1F37 /* AppDelegate.swift in Sources */,
				FE8FEB3924D9DD5C003AAEF7 /* Curso.swift in Sources */,
				FEFE066424CA0314000F1F37 /* SceneDelegate.swift in Sources */,
				BE810C6B24D892AF00BD830B /* TableViewCell.swift in Sources */,
				BE810C3F24D1F61B00BD830B /* PerfilViewController.swift in Sources */,
			);
			runOnlyForDeploymentPostprocessing = 0;
		};
/* End PBXSourcesBuildPhase section */

/* Begin PBXVariantGroup section */
		BE810C3624D1EB5200BD830B /* Home.storyboard */ = {
			isa = PBXVariantGroup;
			children = (
				BE810C3724D1EB5200BD830B /* Base */,
			);
			name = Home.storyboard;
			sourceTree = "<group>";
		};
		BE810C3B24D1ECEC00BD830B /* Perfil.storyboard */ = {
			isa = PBXVariantGroup;
			children = (
				BE810C3C24D1ECEC00BD830B /* Base */,
			);
			name = Perfil.storyboard;
			sourceTree = "<group>";
		};
		FEFE066724CA0314000F1F37 /* Main.storyboard */ = {
			isa = PBXVariantGroup;
			children = (
				FEFE066824CA0314000F1F37 /* Base */,
			);
			name = Main.storyboard;
			sourceTree = "<group>";
		};
		FEFE066F24CA0315000F1F37 /* LaunchScreen.storyboard */ = {
			isa = PBXVariantGroup;
			children = (
				FEFE067024CA0315000F1F37 /* Base */,
			);
			name = LaunchScreen.storyboard;
			sourceTree = "<group>";
		};
/* End PBXVariantGroup section */

/* Begin XCBuildConfiguration section */
		FEFE067324CA0315000F1F37 /* Debug */ = {
			isa = XCBuildConfiguration;
			buildSettings = {
				ALWAYS_SEARCH_USER_PATHS = NO;
				CLANG_ANALYZER_NONNULL = YES;
				CLANG_ANALYZER_NUMBER_OBJECT_CONVERSION = YES_AGGRESSIVE;
				CLANG_CXX_LANGUAGE_STANDARD = "gnu++14";
				CLANG_CXX_LIBRARY = "libc++";
				CLANG_ENABLE_MODULES = YES;
				CLANG_ENABLE_OBJC_ARC = YES;
				CLANG_ENABLE_OBJC_WEAK = YES;
				CLANG_WARN_BLOCK_CAPTURE_AUTORELEASING = YES;
				CLANG_WARN_BOOL_CONVERSION = YES;
				CLANG_WARN_COMMA = YES;
				CLANG_WARN_CONSTANT_CONVERSION = YES;
				CLANG_WARN_DEPRECATED_OBJC_IMPLEMENTATIONS = YES;
				CLANG_WARN_DIRECT_OBJC_ISA_USAGE = YES_ERROR;
				CLANG_WARN_DOCUMENTATION_COMMENTS = YES;
				CLANG_WARN_EMPTY_BODY = YES;
				CLANG_WARN_ENUM_CONVERSION = YES;
				CLANG_WARN_INFINITE_RECURSION = YES;
				CLANG_WARN_INT_CONVERSION = YES;
				CLANG_WARN_NON_LITERAL_NULL_CONVERSION = YES;
				CLANG_WARN_OBJC_IMPLICIT_RETAIN_SELF = YES;
				CLANG_WARN_OBJC_LITERAL_CONVERSION = YES;
				CLANG_WARN_OBJC_ROOT_CLASS = YES_ERROR;
				CLANG_WARN_RANGE_LOOP_ANALYSIS = YES;
				CLANG_WARN_STRICT_PROTOTYPES = YES;
				CLANG_WARN_SUSPICIOUS_MOVE = YES;
				CLANG_WARN_UNGUARDED_AVAILABILITY = YES_AGGRESSIVE;
				CLANG_WARN_UNREACHABLE_CODE = YES;
				CLANG_WARN__DUPLICATE_METHOD_MATCH = YES;
				COPY_PHASE_STRIP = NO;
				DEBUG_INFORMATION_FORMAT = dwarf;
				ENABLE_STRICT_OBJC_MSGSEND = YES;
				ENABLE_TESTABILITY = YES;
				GCC_C_LANGUAGE_STANDARD = gnu11;
				GCC_DYNAMIC_NO_PIC = NO;
				GCC_NO_COMMON_BLOCKS = YES;
				GCC_OPTIMIZATION_LEVEL = 0;
				GCC_PREPROCESSOR_DEFINITIONS = (
					"DEBUG=1",
					"$(inherited)",
				);
				GCC_WARN_64_TO_32_BIT_CONVERSION = YES;
				GCC_WARN_ABOUT_RETURN_TYPE = YES_ERROR;
				GCC_WARN_UNDECLARED_SELECTOR = YES;
				GCC_WARN_UNINITIALIZED_AUTOS = YES_AGGRESSIVE;
				GCC_WARN_UNUSED_FUNCTION = YES;
				GCC_WARN_UNUSED_VARIABLE = YES;
				IPHONEOS_DEPLOYMENT_TARGET = 13.5;
				MTL_ENABLE_DEBUG_INFO = INCLUDE_SOURCE;
				MTL_FAST_MATH = YES;
				ONLY_ACTIVE_ARCH = YES;
				SDKROOT = iphoneos;
				SWIFT_ACTIVE_COMPILATION_CONDITIONS = DEBUG;
				SWIFT_OPTIMIZATION_LEVEL = "-Onone";
			};
			name = Debug;
		};
		FEFE067424CA0315000F1F37 /* Release */ = {
			isa = XCBuildConfiguration;
			buildSettings = {
				ALWAYS_SEARCH_USER_PATHS = NO;
				CLANG_ANALYZER_NONNULL = YES;
				CLANG_ANALYZER_NUMBER_OBJECT_CONVERSION = YES_AGGRESSIVE;
				CLANG_CXX_LANGUAGE_STANDARD = "gnu++14";
				CLANG_CXX_LIBRARY = "libc++";
				CLANG_ENABLE_MODULES = YES;
				CLANG_ENABLE_OBJC_ARC = YES;
				CLANG_ENABLE_OBJC_WEAK = YES;
				CLANG_WARN_BLOCK_CAPTURE_AUTORELEASING = YES;
				CLANG_WARN_BOOL_CONVERSION = YES;
				CLANG_WARN_COMMA = YES;
				CLANG_WARN_CONSTANT_CONVERSION = YES;
				CLANG_WARN_DEPRECATED_OBJC_IMPLEMENTATIONS = YES;
				CLANG_WARN_DIRECT_OBJC_ISA_USAGE = YES_ERROR;
				CLANG_WARN_DOCUMENTATION_COMMENTS = YES;
				CLANG_WARN_EMPTY_BODY = YES;
				CLANG_WARN_ENUM_CONVERSION = YES;
				CLANG_WARN_INFINITE_RECURSION = YES;
				CLANG_WARN_INT_CONVERSION = YES;
				CLANG_WARN_NON_LITERAL_NULL_CONVERSION = YES;
				CLANG_WARN_OBJC_IMPLICIT_RETAIN_SELF = YES;
				CLANG_WARN_OBJC_LITERAL_CONVERSION = YES;
				CLANG_WARN_OBJC_ROOT_CLASS = YES_ERROR;
				CLANG_WARN_RANGE_LOOP_ANALYSIS = YES;
				CLANG_WARN_STRICT_PROTOTYPES = YES;
				CLANG_WARN_SUSPICIOUS_MOVE = YES;
				CLANG_WARN_UNGUARDED_AVAILABILITY = YES_AGGRESSIVE;
				CLANG_WARN_UNREACHABLE_CODE = YES;
				CLANG_WARN__DUPLICATE_METHOD_MATCH = YES;
				COPY_PHASE_STRIP = NO;
				DEBUG_INFORMATION_FORMAT = "dwarf-with-dsym";
				ENABLE_NS_ASSERTIONS = NO;
				ENABLE_STRICT_OBJC_MSGSEND = YES;
				GCC_C_LANGUAGE_STANDARD = gnu11;
				GCC_NO_COMMON_BLOCKS = YES;
				GCC_WARN_64_TO_32_BIT_CONVERSION = YES;
				GCC_WARN_ABOUT_RETURN_TYPE = YES_ERROR;
				GCC_WARN_UNDECLARED_SELECTOR = YES;
				GCC_WARN_UNINITIALIZED_AUTOS = YES_AGGRESSIVE;
				GCC_WARN_UNUSED_FUNCTION = YES;
				GCC_WARN_UNUSED_VARIABLE = YES;
				IPHONEOS_DEPLOYMENT_TARGET = 13.5;
				MTL_ENABLE_DEBUG_INFO = NO;
				MTL_FAST_MATH = YES;
				SDKROOT = iphoneos;
				SWIFT_COMPILATION_MODE = wholemodule;
				SWIFT_OPTIMIZATION_LEVEL = "-O";
				VALIDATE_PRODUCT = YES;
			};
			name = Release;
		};
		FEFE067624CA0315000F1F37 /* Debug */ = {
			isa = XCBuildConfiguration;
			buildSettings = {
				ASSETCATALOG_COMPILER_APPICON_NAME = AppIcon;
				CODE_SIGN_STYLE = Automatic;
				INFOPLIST_FILE = MiDiWei/Info.plist;
				LD_RUNPATH_SEARCH_PATHS = (
					"$(inherited)",
					"@executable_path/Frameworks",
				);
				PRODUCT_BUNDLE_IDENTIFIER = com.midiwei.MiDiWei;
				PRODUCT_NAME = "$(TARGET_NAME)";
				SWIFT_VERSION = 5.0;
				TARGETED_DEVICE_FAMILY = "1,2";
			};
			name = Debug;
		};
		FEFE067724CA0315000F1F37 /* Release */ = {
			isa = XCBuildConfiguration;
			buildSettings = {
				ASSETCATALOG_COMPILER_APPICON_NAME = AppIcon;
				CODE_SIGN_STYLE = Automatic;
				INFOPLIST_FILE = MiDiWei/Info.plist;
				LD_RUNPATH_SEARCH_PATHS = (
					"$(inherited)",
					"@executable_path/Frameworks",
				);
				PRODUCT_BUNDLE_IDENTIFIER = com.midiwei.MiDiWei;
				PRODUCT_NAME = "$(TARGET_NAME)";
				SWIFT_VERSION = 5.0;
				TARGETED_DEVICE_FAMILY = "1,2";
			};
			name = Release;
		};
/* End XCBuildConfiguration section */

/* Begin XCConfigurationList section */
		FEFE065924CA0314000F1F37 /* Build configuration list for PBXProject "MiDiWei" */ = {
			isa = XCConfigurationList;
			buildConfigurations = (
				FEFE067324CA0315000F1F37 /* Debug */,
				FEFE067424CA0315000F1F37 /* Release */,
			);
			defaultConfigurationIsVisible = 0;
			defaultConfigurationName = Release;
		};
		FEFE067524CA0315000F1F37 /* Build configuration list for PBXNativeTarget "MiDiWei" */ = {
			isa = XCConfigurationList;
			buildConfigurations = (
				FEFE067624CA0315000F1F37 /* Debug */,
				FEFE067724CA0315000F1F37 /* Release */,
			);
			defaultConfigurationIsVisible = 0;
			defaultConfigurationName = Release;
		};
/* End XCConfigurationList section */

/* Begin XCVersionGroup section */
		FEFE066A24CA0314000F1F37 /* MiDiWei.xcdatamodeld */ = {
			isa = XCVersionGroup;
			children = (
				FEFE066B24CA0314000F1F37 /* MiDiWei.xcdatamodel */,
			);
			currentVersion = FEFE066B24CA0314000F1F37 /* MiDiWei.xcdatamodel */;
			path = MiDiWei.xcdatamodeld;
			sourceTree = "<group>";
			versionGroupType = wrapper.xcdatamodel;
		};
/* End XCVersionGroup section */
	};
	rootObject = FEFE065624CA0314000F1F37 /* Project object */;
}
